// !$*UTF8*$!
{
	archiveVersion = 1;
	classes = {
	};
	objectVersion = 51;
	objects = {

/* Begin PBXBuildFile section */
		0C2C192FED48BA4E9C88F829 /* Pods_loginPageTests.framework in Frameworks */ = {isa = PBXBuildFile; fileRef = ECDF29C7C5D01F0B4ADBA11E /* Pods_loginPageTests.framework */; };
		1503934F390C54097DCD7735 /* Pods_loginPage_loginPageUITests.framework in Frameworks */ = {isa = PBXBuildFile; fileRef = 79D8CA455354963F707F3F94 /* Pods_loginPage_loginPageUITests.framework */; };
		CFE2CD8CEDCEEB4E0A96F7DB /* Pods_loginPage.framework in Frameworks */ = {isa = PBXBuildFile; fileRef = F00CB4887C204295D72BE1B3 /* Pods_loginPage.framework */; };
		EC716D3F251BC3E500C8982A /* loginPageApp.swift in Sources */ = {isa = PBXBuildFile; fileRef = EC716D3E251BC3E500C8982A /* loginPageApp.swift */; };
		EC716D41251BC3E500C8982A /* ContentView.swift in Sources */ = {isa = PBXBuildFile; fileRef = EC716D40251BC3E500C8982A /* ContentView.swift */; };
		EC716D43251BC3E700C8982A /* Assets.xcassets in Resources */ = {isa = PBXBuildFile; fileRef = EC716D42251BC3E700C8982A /* Assets.xcassets */; };
		EC716D46251BC3E700C8982A /* Preview Assets.xcassets in Resources */ = {isa = PBXBuildFile; fileRef = EC716D45251BC3E700C8982A /* Preview Assets.xcassets */; };
		EC716D51251BC3E700C8982A /* loginPageTests.swift in Sources */ = {isa = PBXBuildFile; fileRef = EC716D50251BC3E700C8982A /* loginPageTests.swift */; };
		EC716D5C251BC3E700C8982A /* loginPageUITests.swift in Sources */ = {isa = PBXBuildFile; fileRef = EC716D5B251BC3E700C8982A /* loginPageUITests.swift */; };
		EC89CD73251C41B900C4C536 /* loginSuccessful.swift in Sources */ = {isa = PBXBuildFile; fileRef = EC89CD72251C41B900C4C536 /* loginSuccessful.swift */; };
		EC89CD88251C4FC300C4C536 /* resetPassword.swift in Sources */ = {isa = PBXBuildFile; fileRef = EC89CD87251C4FC300C4C536 /* resetPassword.swift */; };
		EC89CDD1251C640B00C4C536 /* PagingView.swift in Sources */ = {isa = PBXBuildFile; fileRef = EC89CDD0251C640B00C4C536 /* PagingView.swift */; };
/* End PBXBuildFile section */

/* Begin PBXContainerItemProxy section */
		EC716D4D251BC3E700C8982A /* PBXContainerItemProxy */ = {
			isa = PBXContainerItemProxy;
			containerPortal = EC716D33251BC3E500C8982A /* Project object */;
			proxyType = 1;
			remoteGlobalIDString = EC716D3A251BC3E500C8982A;
			remoteInfo = loginPage;
		};
		EC716D58251BC3E700C8982A /* PBXContainerItemProxy */ = {
			isa = PBXContainerItemProxy;
			containerPortal = EC716D33251BC3E500C8982A /* Project object */;
			proxyType = 1;
			remoteGlobalIDString = EC716D3A251BC3E500C8982A;
			remoteInfo = loginPage;
		};
/* End PBXContainerItemProxy section */

/* Begin PBXCopyFilesBuildPhase section */
		EC89CDBB251C5B6F00C4C536 /* Embed Frameworks */ = {
			isa = PBXCopyFilesBuildPhase;
			buildActionMask = 2147483647;
			dstPath = "";
			dstSubfolderSpec = 10;
			files = (
			);
			name = "Embed Frameworks";
			runOnlyForDeploymentPostprocessing = 0;
		};
/* End PBXCopyFilesBuildPhase section */

/* Begin PBXFileReference section */
		58792C93A7C98EA7A16CBED4 /* Pods-loginPage.release.xcconfig */ = {isa = PBXFileReference; includeInIndex = 1; lastKnownFileType = text.xcconfig; name = "Pods-loginPage.release.xcconfig"; path = "Target Support Files/Pods-loginPage/Pods-loginPage.release.xcconfig"; sourceTree = "<group>"; };
		6DC9F0B893299C1240A83CD0 /* Pods-loginPage-loginPageUITests.release.xcconfig */ = {isa = PBXFileReference; includeInIndex = 1; lastKnownFileType = text.xcconfig; name = "Pods-loginPage-loginPageUITests.release.xcconfig"; path = "Target Support Files/Pods-loginPage-loginPageUITests/Pods-loginPage-loginPageUITests.release.xcconfig"; sourceTree = "<group>"; };
		79D8CA455354963F707F3F94 /* Pods_loginPage_loginPageUITests.framework */ = {isa = PBXFileReference; explicitFileType = wrapper.framework; includeInIndex = 0; path = Pods_loginPage_loginPageUITests.framework; sourceTree = BUILT_PRODUCTS_DIR; };
		839D570795DA742EB755A29A /* Pods-loginPageTests.debug.xcconfig */ = {isa = PBXFileReference; includeInIndex = 1; lastKnownFileType = text.xcconfig; name = "Pods-loginPageTests.debug.xcconfig"; path = "Target Support Files/Pods-loginPageTests/Pods-loginPageTests.debug.xcconfig"; sourceTree = "<group>"; };
		9A667C080E25CF357383CCDD /* Pods-loginPage-loginPageUITests.debug.xcconfig */ = {isa = PBXFileReference; includeInIndex = 1; lastKnownFileType = text.xcconfig; name = "Pods-loginPage-loginPageUITests.debug.xcconfig"; path = "Target Support Files/Pods-loginPage-loginPageUITests/Pods-loginPage-loginPageUITests.debug.xcconfig"; sourceTree = "<group>"; };
		AC3C47EEA4F715314CB61EFD /* Pods-loginPageTests.release.xcconfig */ = {isa = PBXFileReference; includeInIndex = 1; lastKnownFileType = text.xcconfig; name = "Pods-loginPageTests.release.xcconfig"; path = "Target Support Files/Pods-loginPageTests/Pods-loginPageTests.release.xcconfig"; sourceTree = "<group>"; };
		EC716D3B251BC3E500C8982A /* loginPage.app */ = {isa = PBXFileReference; explicitFileType = wrapper.application; includeInIndex = 0; path = loginPage.app; sourceTree = BUILT_PRODUCTS_DIR; };
		EC716D3E251BC3E500C8982A /* loginPageApp.swift */ = {isa = PBXFileReference; lastKnownFileType = sourcecode.swift; path = loginPageApp.swift; sourceTree = "<group>"; };
		EC716D40251BC3E500C8982A /* ContentView.swift */ = {isa = PBXFileReference; lastKnownFileType = sourcecode.swift; path = ContentView.swift; sourceTree = "<group>"; };
		EC716D42251BC3E700C8982A /* Assets.xcassets */ = {isa = PBXFileReference; lastKnownFileType = folder.assetcatalog; path = Assets.xcassets; sourceTree = "<group>"; };
		EC716D45251BC3E700C8982A /* Preview Assets.xcassets */ = {isa = PBXFileReference; lastKnownFileType = folder.assetcatalog; path = "Preview Assets.xcassets"; sourceTree = "<group>"; };
		EC716D47251BC3E700C8982A /* Info.plist */ = {isa = PBXFileReference; lastKnownFileType = text.plist.xml; path = Info.plist; sourceTree = "<group>"; };
		EC716D4C251BC3E700C8982A /* loginPageTests.xctest */ = {isa = PBXFileReference; explicitFileType = wrapper.cfbundle; includeInIndex = 0; path = loginPageTests.xctest; sourceTree = BUILT_PRODUCTS_DIR; };
		EC716D50251BC3E700C8982A /* loginPageTests.swift */ = {isa = PBXFileReference; lastKnownFileType = sourcecode.swift; path = loginPageTests.swift; sourceTree = "<group>"; };
		EC716D52251BC3E700C8982A /* Info.plist */ = {isa = PBXFileReference; lastKnownFileType = text.plist.xml; path = Info.plist; sourceTree = "<group>"; };
		EC716D57251BC3E700C8982A /* loginPageUITests.xctest */ = {isa = PBXFileReference; explicitFileType = wrapper.cfbundle; includeInIndex = 0; path = loginPageUITests.xctest; sourceTree = BUILT_PRODUCTS_DIR; };
		EC716D5B251BC3E700C8982A /* loginPageUITests.swift */ = {isa = PBXFileReference; lastKnownFileType = sourcecode.swift; path = loginPageUITests.swift; sourceTree = "<group>"; };
		EC716D5D251BC3E700C8982A /* Info.plist */ = {isa = PBXFileReference; lastKnownFileType = text.plist.xml; path = Info.plist; sourceTree = "<group>"; };
		EC89CD72251C41B900C4C536 /* loginSuccessful.swift */ = {isa = PBXFileReference; lastKnownFileType = sourcecode.swift; path = loginSuccessful.swift; sourceTree = "<group>"; };
		EC89CD87251C4FC300C4C536 /* resetPassword.swift */ = {isa = PBXFileReference; lastKnownFileType = sourcecode.swift; path = resetPassword.swift; sourceTree = "<group>"; };
		EC89CDD0251C640B00C4C536 /* PagingView.swift */ = {isa = PBXFileReference; lastKnownFileType = sourcecode.swift; path = PagingView.swift; sourceTree = "<group>"; };
		ECDF29C7C5D01F0B4ADBA11E /* Pods_loginPageTests.framework */ = {isa = PBXFileReference; explicitFileType = wrapper.framework; includeInIndex = 0; path = Pods_loginPageTests.framework; sourceTree = BUILT_PRODUCTS_DIR; };
		F00CB4887C204295D72BE1B3 /* Pods_loginPage.framework */ = {isa = PBXFileReference; explicitFileType = wrapper.framework; includeInIndex = 0; path = Pods_loginPage.framework; sourceTree = BUILT_PRODUCTS_DIR; };
		FF56B376CA8A0C0ABE30215A /* Pods-loginPage.debug.xcconfig */ = {isa = PBXFileReference; includeInIndex = 1; lastKnownFileType = text.xcconfig; name = "Pods-loginPage.debug.xcconfig"; path = "Target Support Files/Pods-loginPage/Pods-loginPage.debug.xcconfig"; sourceTree = "<group>"; };
/* End PBXFileReference section */

/* Begin PBXFrameworksBuildPhase section */
		EC716D38251BC3E500C8982A /* Frameworks */ = {
			isa = PBXFrameworksBuildPhase;
			buildActionMask = 2147483647;
			files = (
				CFE2CD8CEDCEEB4E0A96F7DB /* Pods_loginPage.framework in Frameworks */,
			);
			runOnlyForDeploymentPostprocessing = 0;
		};
		EC716D49251BC3E700C8982A /* Frameworks */ = {
			isa = PBXFrameworksBuildPhase;
			buildActionMask = 2147483647;
			files = (
				0C2C192FED48BA4E9C88F829 /* Pods_loginPageTests.framework in Frameworks */,
			);
			runOnlyForDeploymentPostprocessing = 0;
		};
		EC716D54251BC3E700C8982A /* Frameworks */ = {
			isa = PBXFrameworksBuildPhase;
			buildActionMask = 2147483647;
			files = (
				1503934F390C54097DCD7735 /* Pods_loginPage_loginPageUITests.framework in Frameworks */,
			);
			runOnlyForDeploymentPostprocessing = 0;
		};
/* End PBXFrameworksBuildPhase section */

/* Begin PBXGroup section */
		42AF47CB43FD334250E59145 /* Frameworks */ = {
			isa = PBXGroup;
			children = (
				F00CB4887C204295D72BE1B3 /* Pods_loginPage.framework */,
				79D8CA455354963F707F3F94 /* Pods_loginPage_loginPageUITests.framework */,
				ECDF29C7C5D01F0B4ADBA11E /* Pods_loginPageTests.framework */,
			);
			name = Frameworks;
			sourceTree = "<group>";
		};
		D272145308DF613C5070FFE3 /* Pods */ = {
			isa = PBXGroup;
			children = (
				FF56B376CA8A0C0ABE30215A /* Pods-loginPage.debug.xcconfig */,
				58792C93A7C98EA7A16CBED4 /* Pods-loginPage.release.xcconfig */,
				9A667C080E25CF357383CCDD /* Pods-loginPage-loginPageUITests.debug.xcconfig */,
				6DC9F0B893299C1240A83CD0 /* Pods-loginPage-loginPageUITests.release.xcconfig */,
				839D570795DA742EB755A29A /* Pods-loginPageTests.debug.xcconfig */,
				AC3C47EEA4F715314CB61EFD /* Pods-loginPageTests.release.xcconfig */,
			);
			path = Pods;
			sourceTree = "<group>";
		};
		EC716D32251BC3E500C8982A = {
			isa = PBXGroup;
			children = (
				EC716D3D251BC3E500C8982A /* loginPage */,
				EC716D4F251BC3E700C8982A /* loginPageTests */,
				EC716D5A251BC3E700C8982A /* loginPageUITests */,
				EC716D3C251BC3E500C8982A /* Products */,
				D272145308DF613C5070FFE3 /* Pods */,
				42AF47CB43FD334250E59145 /* Frameworks */,
			);
			sourceTree = "<group>";
		};
		EC716D3C251BC3E500C8982A /* Products */ = {
			isa = PBXGroup;
			children = (
				EC716D3B251BC3E500C8982A /* loginPage.app */,
				EC716D4C251BC3E700C8982A /* loginPageTests.xctest */,
				EC716D57251BC3E700C8982A /* loginPageUITests.xctest */,
			);
			name = Products;
			sourceTree = "<group>";
		};
		EC716D3D251BC3E500C8982A /* loginPage */ = {
			isa = PBXGroup;
			children = (
				EC716D3E251BC3E500C8982A /* loginPageApp.swift */,
				EC716D40251BC3E500C8982A /* ContentView.swift */,
				EC716D42251BC3E700C8982A /* Assets.xcassets */,
				EC716D47251BC3E700C8982A /* Info.plist */,
				EC716D44251BC3E700C8982A /* Preview Content */,
				EC89CD72251C41B900C4C536 /* loginSuccessful.swift */,
				EC89CD87251C4FC300C4C536 /* resetPassword.swift */,
				EC89CDD0251C640B00C4C536 /* PagingView.swift */,
			);
			path = loginPage;
			sourceTree = "<group>";
		};
		EC716D44251BC3E700C8982A /* Preview Content */ = {
			isa = PBXGroup;
			children = (
				EC716D45251BC3E700C8982A /* Preview Assets.xcassets */,
			);
			path = "Preview Content";
			sourceTree = "<group>";
		};
		EC716D4F251BC3E700C8982A /* loginPageTests */ = {
			isa = PBXGroup;
			children = (
				EC716D50251BC3E700C8982A /* loginPageTests.swift */,
				EC716D52251BC3E700C8982A /* Info.plist */,
			);
			path = loginPageTests;
			sourceTree = "<group>";
		};
		EC716D5A251BC3E700C8982A /* loginPageUITests */ = {
			isa = PBXGroup;
			children = (
				EC716D5B251BC3E700C8982A /* loginPageUITests.swift */,
				EC716D5D251BC3E700C8982A /* Info.plist */,
			);
			path = loginPageUITests;
			sourceTree = "<group>";
		};
/* End PBXGroup section */

/* Begin PBXNativeTarget section */
		EC716D3A251BC3E500C8982A /* loginPage */ = {
			isa = PBXNativeTarget;
			buildConfigurationList = EC716D60251BC3E700C8982A /* Build configuration list for PBXNativeTarget "loginPage" */;
			buildPhases = (
				CE4C3BF354AFD2DDC9671BEB /* [CP] Check Pods Manifest.lock */,
				EC716D37251BC3E500C8982A /* Sources */,
				EC716D38251BC3E500C8982A /* Frameworks */,
				EC716D39251BC3E500C8982A /* Resources */,
				EC89CDBB251C5B6F00C4C536 /* Embed Frameworks */,
				C74C231D77BA1FAEEA56228A /* [CP] Embed Pods Frameworks */,
			);
			buildRules = (
			);
			dependencies = (
			);
			name = loginPage;
			productName = loginPage;
			productReference = EC716D3B251BC3E500C8982A /* loginPage.app */;
			productType = "com.apple.product-type.application";
		};
		EC716D4B251BC3E700C8982A /* loginPageTests */ = {
			isa = PBXNativeTarget;
			buildConfigurationList = EC716D63251BC3E700C8982A /* Build configuration list for PBXNativeTarget "loginPageTests" */;
			buildPhases = (
				3AC3E40D6316A2DDFA7E7107 /* [CP] Check Pods Manifest.lock */,
				EC716D48251BC3E700C8982A /* Sources */,
				EC716D49251BC3E700C8982A /* Frameworks */,
				EC716D4A251BC3E700C8982A /* Resources */,
			);
			buildRules = (
			);
			dependencies = (
				EC716D4E251BC3E700C8982A /* PBXTargetDependency */,
			);
			name = loginPageTests;
			productName = loginPageTests;
			productReference = EC716D4C251BC3E700C8982A /* loginPageTests.xctest */;
			productType = "com.apple.product-type.bundle.unit-test";
		};
		EC716D56251BC3E700C8982A /* loginPageUITests */ = {
			isa = PBXNativeTarget;
			buildConfigurationList = EC716D66251BC3E700C8982A /* Build configuration list for PBXNativeTarget "loginPageUITests" */;
			buildPhases = (
				29B63E012734B1CDAC9C003E /* [CP] Check Pods Manifest.lock */,
				EC716D53251BC3E700C8982A /* Sources */,
				EC716D54251BC3E700C8982A /* Frameworks */,
				EC716D55251BC3E700C8982A /* Resources */,
				B0753AC10C1558FEE015AB02 /* [CP] Embed Pods Frameworks */,
			);
			buildRules = (
			);
			dependencies = (
				EC716D59251BC3E700C8982A /* PBXTargetDependency */,
			);
			name = loginPageUITests;
			productName = loginPageUITests;
			productReference = EC716D57251BC3E700C8982A /* loginPageUITests.xctest */;
			productType = "com.apple.product-type.bundle.ui-testing";
		};
/* End PBXNativeTarget section */

/* Begin PBXProject section */
		EC716D33251BC3E500C8982A /* Project object */ = {
			isa = PBXProject;
			attributes = {
				LastSwiftUpdateCheck = 1200;
				LastUpgradeCheck = 1200;
				TargetAttributes = {
					EC716D3A251BC3E500C8982A = {
						CreatedOnToolsVersion = 12.0;
					};
					EC716D4B251BC3E700C8982A = {
						CreatedOnToolsVersion = 12.0;
						TestTargetID = EC716D3A251BC3E500C8982A;
					};
					EC716D56251BC3E700C8982A = {
						CreatedOnToolsVersion = 12.0;
						TestTargetID = EC716D3A251BC3E500C8982A;
					};
				};
			};
			buildConfigurationList = EC716D36251BC3E500C8982A /* Build configuration list for PBXProject "loginPage" */;
			compatibilityVersion = "Xcode 9.3";
			developmentRegion = en;
			hasScannedForEncodings = 0;
			knownRegions = (
				en,
				Base,
			);
			mainGroup = EC716D32251BC3E500C8982A;
			productRefGroup = EC716D3C251BC3E500C8982A /* Products */;
			projectDirPath = "";
			projectRoot = "";
			targets = (
				EC716D3A251BC3E500C8982A /* loginPage */,
				EC716D4B251BC3E700C8982A /* loginPageTests */,
				EC716D56251BC3E700C8982A /* loginPageUITests */,
			);
		};
/* End PBXProject section */

/* Begin PBXResourcesBuildPhase section */
		EC716D39251BC3E500C8982A /* Resources */ = {
			isa = PBXResourcesBuildPhase;
			buildActionMask = 2147483647;
			files = (
				EC716D46251BC3E700C8982A /* Preview Assets.xcassets in Resources */,
				EC716D43251BC3E700C8982A /* Assets.xcassets in Resources */,
			);
			runOnlyForDeploymentPostprocessing = 0;
		};
		EC716D4A251BC3E700C8982A /* Resources */ = {
			isa = PBXResourcesBuildPhase;
			buildActionMask = 2147483647;
			files = (
			);
			runOnlyForDeploymentPostprocessing = 0;
		};
		EC716D55251BC3E700C8982A /* Resources */ = {
			isa = PBXResourcesBuildPhase;
			buildActionMask = 2147483647;
			files = (
			);
			runOnlyForDeploymentPostprocessing = 0;
		};
/* End PBXResourcesBuildPhase section */

/* Begin PBXShellScriptBuildPhase section */
		29B63E012734B1CDAC9C003E /* [CP] Check Pods Manifest.lock */ = {
			isa = PBXShellScriptBuildPhase;
			buildActionMask = 2147483647;
			files = (
			);
			inputFileListPaths = (
			);
			inputPaths = (
				"${PODS_PODFILE_DIR_PATH}/Podfile.lock",
				"${PODS_ROOT}/Manifest.lock",
			);
			name = "[CP] Check Pods Manifest.lock";
			outputFileListPaths = (
			);
			outputPaths = (
				"$(DERIVED_FILE_DIR)/Pods-loginPage-loginPageUITests-checkManifestLockResult.txt",
			);
			runOnlyForDeploymentPostprocessing = 0;
			shellPath = /bin/sh;
			shellScript = "diff \"${PODS_PODFILE_DIR_PATH}/Podfile.lock\" \"${PODS_ROOT}/Manifest.lock\" > /dev/null\nif [ $? != 0 ] ; then\n    # print error to STDERR\n    echo \"error: The sandbox is not in sync with the Podfile.lock. Run 'pod install' or update your CocoaPods installation.\" >&2\n    exit 1\nfi\n# This output is used by Xcode 'outputs' to avoid re-running this script phase.\necho \"SUCCESS\" > \"${SCRIPT_OUTPUT_FILE_0}\"\n";
			showEnvVarsInLog = 0;
		};
		3AC3E40D6316A2DDFA7E7107 /* [CP] Check Pods Manifest.lock */ = {
			isa = PBXShellScriptBuildPhase;
			buildActionMask = 2147483647;
			files = (
			);
			inputFileListPaths = (
			);
			inputPaths = (
				"${PODS_PODFILE_DIR_PATH}/Podfile.lock",
				"${PODS_ROOT}/Manifest.lock",
			);
			name = "[CP] Check Pods Manifest.lock";
			outputFileListPaths = (
			);
			outputPaths = (
				"$(DERIVED_FILE_DIR)/Pods-loginPageTests-checkManifestLockResult.txt",
			);
			runOnlyForDeploymentPostprocessing = 0;
			shellPath = /bin/sh;
			shellScript = "diff \"${PODS_PODFILE_DIR_PATH}/Podfile.lock\" \"${PODS_ROOT}/Manifest.lock\" > /dev/null\nif [ $? != 0 ] ; then\n    # print error to STDERR\n    echo \"error: The sandbox is not in sync with the Podfile.lock. Run 'pod install' or update your CocoaPods installation.\" >&2\n    exit 1\nfi\n# This output is used by Xcode 'outputs' to avoid re-running this script phase.\necho \"SUCCESS\" > \"${SCRIPT_OUTPUT_FILE_0}\"\n";
			showEnvVarsInLog = 0;
		};
		B0753AC10C1558FEE015AB02 /* [CP] Embed Pods Frameworks */ = {
			isa = PBXShellScriptBuildPhase;
			buildActionMask = 2147483647;
			files = (
			);
			inputFileListPaths = (
				"${PODS_ROOT}/Target Support Files/Pods-loginPage-loginPageUITests/Pods-loginPage-loginPageUITests-frameworks-${CONFIGURATION}-input-files.xcfilelist",
			);
			name = "[CP] Embed Pods Frameworks";
			outputFileListPaths = (
				"${PODS_ROOT}/Target Support Files/Pods-loginPage-loginPageUITests/Pods-loginPage-loginPageUITests-frameworks-${CONFIGURATION}-output-files.xcfilelist",
			);
			runOnlyForDeploymentPostprocessing = 0;
			shellPath = /bin/sh;
			shellScript = "\"${PODS_ROOT}/Target Support Files/Pods-loginPage-loginPageUITests/Pods-loginPage-loginPageUITests-frameworks.sh\"\n";
			showEnvVarsInLog = 0;
		};
		C74C231D77BA1FAEEA56228A /* [CP] Embed Pods Frameworks */ = {
			isa = PBXShellScriptBuildPhase;
			buildActionMask = 2147483647;
			files = (
			);
			inputFileListPaths = (
				"${PODS_ROOT}/Target Support Files/Pods-loginPage/Pods-loginPage-frameworks-${CONFIGURATION}-input-files.xcfilelist",
			);
			name = "[CP] Embed Pods Frameworks";
			outputFileListPaths = (
				"${PODS_ROOT}/Target Support Files/Pods-loginPage/Pods-loginPage-frameworks-${CONFIGURATION}-output-files.xcfilelist",
			);
			runOnlyForDeploymentPostprocessing = 0;
			shellPath = /bin/sh;
			shellScript = "\"${PODS_ROOT}/Target Support Files/Pods-loginPage/Pods-loginPage-frameworks.sh\"\n";
			showEnvVarsInLog = 0;
		};
		CE4C3BF354AFD2DDC9671BEB /* [CP] Check Pods Manifest.lock */ = {
			isa = PBXShellScriptBuildPhase;
			buildActionMask = 2147483647;
			files = (
			);
			inputFileListPaths = (
			);
			inputPaths = (
				"${PODS_PODFILE_DIR_PATH}/Podfile.lock",
				"${PODS_ROOT}/Manifest.lock",
			);
			name = "[CP] Check Pods Manifest.lock";
			outputFileListPaths = (
			);
			outputPaths = (
				"$(DERIVED_FILE_DIR)/Pods-loginPage-checkManifestLockResult.txt",
			);
			runOnlyForDeploymentPostprocessing = 0;
			shellPath = /bin/sh;
			shellScript = "diff \"${PODS_PODFILE_DIR_PATH}/Podfile.lock\" \"${PODS_ROOT}/Manifest.lock\" > /dev/null\nif [ $? != 0 ] ; then\n    # print error to STDERR\n    echo \"error: The sandbox is not in sync with the Podfile.lock. Run 'pod install' or update your CocoaPods installation.\" >&2\n    exit 1\nfi\n# This output is used by Xcode 'outputs' to avoid re-running this script phase.\necho \"SUCCESS\" > \"${SCRIPT_OUTPUT_FILE_0}\"\n";
			showEnvVarsInLog = 0;
		};
/* End PBXShellScriptBuildPhase section */

/* Begin PBXSourcesBuildPhase section */
		EC716D37251BC3E500C8982A /* Sources */ = {
			isa = PBXSourcesBuildPhase;
			buildActionMask = 2147483647;
			files = (
				EC89CD88251C4FC300C4C536 /* resetPassword.swift in Sources */,
				EC716D41251BC3E500C8982A /* ContentView.swift in Sources */,
				EC716D3F251BC3E500C8982A /* loginPageApp.swift in Sources */,
				EC89CDD1251C640B00C4C536 /* PagingView.swift in Sources */,
				EC89CD73251C41B900C4C536 /* loginSuccessful.swift in Sources */,
			);
			runOnlyForDeploymentPostprocessing = 0;
		};
		EC716D48251BC3E700C8982A /* Sources */ = {
			isa = PBXSourcesBuildPhase;
			buildActionMask = 2147483647;
			files = (
				EC716D51251BC3E700C8982A /* loginPageTests.swift in Sources */,
			);
			runOnlyForDeploymentPostprocessing = 0;
		};
		EC716D53251BC3E700C8982A /* Sources */ = {
			isa = PBXSourcesBuildPhase;
			buildActionMask = 2147483647;
			files = (
				EC716D5C251BC3E700C8982A /* loginPageUITests.swift in Sources */,
			);
			runOnlyForDeploymentPostprocessing = 0;
		};
/* End PBXSourcesBuildPhase section */

/* Begin PBXTargetDependency section */
		EC716D4E251BC3E700C8982A /* PBXTargetDependency */ = {
			isa = PBXTargetDependency;
			target = EC716D3A251BC3E500C8982A /* loginPage */;
			targetProxy = EC716D4D251BC3E700C8982A /* PBXContainerItemProxy */;
		};
		EC716D59251BC3E700C8982A /* PBXTargetDependency */ = {
			isa = PBXTargetDependency;
			target = EC716D3A251BC3E500C8982A /* loginPage */;
			targetProxy = EC716D58251BC3E700C8982A /* PBXContainerItemProxy */;
		};
/* End PBXTargetDependency section */

/* Begin XCBuildConfiguration section */
		EC716D5E251BC3E700C8982A /* Debug */ = {
			isa = XCBuildConfiguration;
			buildSettings = {
				ALWAYS_SEARCH_USER_PATHS = NO;
				CLANG_ANALYZER_NONNULL = YES;
				CLANG_ANALYZER_NUMBER_OBJECT_CONVERSION = YES_AGGRESSIVE;
				CLANG_CXX_LANGUAGE_STANDARD = "gnu++14";
				CLANG_CXX_LIBRARY = "libc++";
				CLANG_ENABLE_MODULES = YES;
				CLANG_ENABLE_OBJC_ARC = YES;
				CLANG_ENABLE_OBJC_WEAK = YES;
				CLANG_WARN_BLOCK_CAPTURE_AUTORELEASING = YES;
				CLANG_WARN_BOOL_CONVERSION = YES;
				CLANG_WARN_COMMA = YES;
				CLANG_WARN_CONSTANT_CONVERSION = YES;
				CLANG_WARN_DEPRECATED_OBJC_IMPLEMENTATIONS = YES;
				CLANG_WARN_DIRECT_OBJC_ISA_USAGE = YES_ERROR;
				CLANG_WARN_DOCUMENTATION_COMMENTS = YES;
				CLANG_WARN_EMPTY_BODY = YES;
				CLANG_WARN_ENUM_CONVERSION = YES;
				CLANG_WARN_INFINITE_RECURSION = YES;
				CLANG_WARN_INT_CONVERSION = YES;
				CLANG_WARN_NON_LITERAL_NULL_CONVERSION = YES;
				CLANG_WARN_OBJC_IMPLICIT_RETAIN_SELF = YES;
				CLANG_WARN_OBJC_LITERAL_CONVERSION = YES;
				CLANG_WARN_OBJC_ROOT_CLASS = YES_ERROR;
				CLANG_WARN_QUOTED_INCLUDE_IN_FRAMEWORK_HEADER = YES;
				CLANG_WARN_RANGE_LOOP_ANALYSIS = YES;
				CLANG_WARN_STRICT_PROTOTYPES = YES;
				CLANG_WARN_SUSPICIOUS_MOVE = YES;
				CLANG_WARN_UNGUARDED_AVAILABILITY = YES_AGGRESSIVE;
				CLANG_WARN_UNREACHABLE_CODE = YES;
				CLANG_WARN__DUPLICATE_METHOD_MATCH = YES;
				COPY_PHASE_STRIP = NO;
				DEBUG_INFORMATION_FORMAT = dwarf;
				ENABLE_STRICT_OBJC_MSGSEND = YES;
				ENABLE_TESTABILITY = YES;
				GCC_C_LANGUAGE_STANDARD = gnu11;
				GCC_DYNAMIC_NO_PIC = NO;
				GCC_NO_COMMON_BLOCKS = YES;
				GCC_OPTIMIZATION_LEVEL = 0;
				GCC_PREPROCESSOR_DEFINITIONS = (
					"DEBUG=1",
					"$(inherited)",
				);
				GCC_WARN_64_TO_32_BIT_CONVERSION = YES;
				GCC_WARN_ABOUT_RETURN_TYPE = YES_ERROR;
				GCC_WARN_UNDECLARED_SELECTOR = YES;
				GCC_WARN_UNINITIALIZED_AUTOS = YES_AGGRESSIVE;
				GCC_WARN_UNUSED_FUNCTION = YES;
				GCC_WARN_UNUSED_VARIABLE = YES;
				IPHONEOS_DEPLOYMENT_TARGET = 14.0;
				MTL_ENABLE_DEBUG_INFO = INCLUDE_SOURCE;
				MTL_FAST_MATH = YES;
				ONLY_ACTIVE_ARCH = YES;
				SDKROOT = iphoneos;
				SWIFT_ACTIVE_COMPILATION_CONDITIONS = DEBUG;
				SWIFT_OPTIMIZATION_LEVEL = "-Onone";
			};
			name = Debug;
		};
		EC716D5F251BC3E700C8982A /* Release */ = {
			isa = XCBuildConfiguration;
			buildSettings = {
				ALWAYS_SEARCH_USER_PATHS = NO;
				CLANG_ANALYZER_NONNULL = YES;
				CLANG_ANALYZER_NUMBER_OBJECT_CONVERSION = YES_AGGRESSIVE;
				CLANG_CXX_LANGUAGE_STANDARD = "gnu++14";
				CLANG_CXX_LIBRARY = "libc++";
				CLANG_ENABLE_MODULES = YES;
				CLANG_ENABLE_OBJC_ARC = YES;
				CLANG_ENABLE_OBJC_WEAK = YES;
				CLANG_WARN_BLOCK_CAPTURE_AUTORELEASING = YES;
				CLANG_WARN_BOOL_CONVERSION = YES;
				CLANG_WARN_COMMA = YES;
				CLANG_WARN_CONSTANT_CONVERSION = YES;
				CLANG_WARN_DEPRECATED_OBJC_IMPLEMENTATIONS = YES;
				CLANG_WARN_DIRECT_OBJC_ISA_USAGE = YES_ERROR;
				CLANG_WARN_DOCUMENTATION_COMMENTS = YES;
				CLANG_WARN_EMPTY_BODY = YES;
				CLANG_WARN_ENUM_CONVERSION = YES;
				CLANG_WARN_INFINITE_RECURSION = YES;
				CLANG_WARN_INT_CONVERSION = YES;
				CLANG_WARN_NON_LITERAL_NULL_CONVERSION = YES;
				CLANG_WARN_OBJC_IMPLICIT_RETAIN_SELF = YES;
				CLANG_WARN_OBJC_LITERAL_CONVERSION = YES;
				CLANG_WARN_OBJC_ROOT_CLASS = YES_ERROR;
				CLANG_WARN_QUOTED_INCLUDE_IN_FRAMEWORK_HEADER = YES;
				CLANG_WARN_RANGE_LOOP_ANALYSIS = YES;
				CLANG_WARN_STRICT_PROTOTYPES = YES;
				CLANG_WARN_SUSPICIOUS_MOVE = YES;
				CLANG_WARN_UNGUARDED_AVAILABILITY = YES_AGGRESSIVE;
				CLANG_WARN_UNREACHABLE_CODE = YES;
				CLANG_WARN__DUPLICATE_METHOD_MATCH = YES;
				COPY_PHASE_STRIP = NO;
				DEBUG_INFORMATION_FORMAT = "dwarf-with-dsym";
				ENABLE_NS_ASSERTIONS = NO;
				ENABLE_STRICT_OBJC_MSGSEND = YES;
				GCC_C_LANGUAGE_STANDARD = gnu11;
				GCC_NO_COMMON_BLOCKS = YES;
				GCC_WARN_64_TO_32_BIT_CONVERSION = YES;
				GCC_WARN_ABOUT_RETURN_TYPE = YES_ERROR;
				GCC_WARN_UNDECLARED_SELECTOR = YES;
				GCC_WARN_UNINITIALIZED_AUTOS = YES_AGGRESSIVE;
				GCC_WARN_UNUSED_FUNCTION = YES;
				GCC_WARN_UNUSED_VARIABLE = YES;
				IPHONEOS_DEPLOYMENT_TARGET = 14.0;
				MTL_ENABLE_DEBUG_INFO = NO;
				MTL_FAST_MATH = YES;
				SDKROOT = iphoneos;
				SWIFT_COMPILATION_MODE = wholemodule;
				SWIFT_OPTIMIZATION_LEVEL = "-O";
				VALIDATE_PRODUCT = YES;
			};
			name = Release;
		};
		EC716D61251BC3E700C8982A /* Debug */ = {
			isa = XCBuildConfiguration;
			baseConfigurationReference = FF56B376CA8A0C0ABE30215A /* Pods-loginPage.debug.xcconfig */;
			buildSettings = {
				ASSETCATALOG_COMPILER_APPICON_NAME = AppIcon;
				ASSETCATALOG_COMPILER_GLOBAL_ACCENT_COLOR_NAME = AccentColor;
				CODE_SIGN_STYLE = Automatic;
				DEVELOPMENT_ASSET_PATHS = "\"loginPage/Preview Content\"";
				DEVELOPMENT_TEAM = DX7ZBWT7W4;
				ENABLE_PREVIEWS = YES;
				INFOPLIST_FILE = loginPage/Info.plist;
				IPHONEOS_DEPLOYMENT_TARGET = 14.0;
				LD_RUNPATH_SEARCH_PATHS = (
					"$(inherited)",
					"@executable_path/Frameworks",
				);
				PRODUCT_BUNDLE_IDENTIFIER = com.jasonleung101.loginPage;
				PRODUCT_NAME = "$(TARGET_NAME)";
				SWIFT_VERSION = 5.0;
				TARGETED_DEVICE_FAMILY = "1,2";
			};
			name = Debug;
		};
		EC716D62251BC3E700C8982A /* Release */ = {
			isa = XCBuildConfiguration;
			baseConfigurationReference = 58792C93A7C98EA7A16CBED4 /* Pods-loginPage.release.xcconfig */;
			buildSettings = {
				ASSETCATALOG_COMPILER_APPICON_NAME = AppIcon;
				ASSETCATALOG_COMPILER_GLOBAL_ACCENT_COLOR_NAME = AccentColor;
				CODE_SIGN_STYLE = Automatic;
				DEVELOPMENT_ASSET_PATHS = "\"loginPage/Preview Content\"";
				DEVELOPMENT_TEAM = DX7ZBWT7W4;
				ENABLE_PREVIEWS = YES;
				INFOPLIST_FILE = loginPage/Info.plist;
				IPHONEOS_DEPLOYMENT_TARGET = 14.0;
				LD_RUNPATH_SEARCH_PATHS = (
					"$(inherited)",
					"@executable_path/Frameworks",
				);
				PRODUCT_BUNDLE_IDENTIFIER = com.jasonleung101.loginPage;
				PRODUCT_NAME = "$(TARGET_NAME)";
				SWIFT_VERSION = 5.0;
				TARGETED_DEVICE_FAMILY = "1,2";
			};
			name = Release;
		};
		EC716D64251BC3E700C8982A /* Debug */ = {
			isa = XCBuildConfiguration;
			baseConfigurationReference = 839D570795DA742EB755A29A /* Pods-loginPageTests.debug.xcconfig */;
			buildSettings = {
				ALWAYS_EMBED_SWIFT_STANDARD_LIBRARIES = YES;
				BUNDLE_LOADER = "$(TEST_HOST)";
				CODE_SIGN_STYLE = Automatic;
				DEVELOPMENT_TEAM = DX7ZBWT7W4;
				INFOPLIST_FILE = loginPageTests/Info.plist;
				IPHONEOS_DEPLOYMENT_TARGET = 14.0;
				LD_RUNPATH_SEARCH_PATHS = (
					"$(inherited)",
					"@executable_path/Frameworks",
					"@loader_path/Frameworks",
				);
				PRODUCT_BUNDLE_IDENTIFIER = com.jasonleung101.loginPageTests;
				PRODUCT_NAME = "$(TARGET_NAME)";
				SWIFT_VERSION = 5.0;
				TARGETED_DEVICE_FAMILY = "1,2";
				TEST_HOST = "$(BUILT_PRODUCTS_DIR)/loginPage.app/loginPage";
			};
			name = Debug;
		};
		EC716D65251BC3E700C8982A /* Release */ = {
			isa = XCBuildConfiguration;
			baseConfigurationReference = AC3C47EEA4F715314CB61EFD /* Pods-loginPageTests.release.xcconfig */;
			buildSettings = {
				ALWAYS_EMBED_SWIFT_STANDARD_LIBRARIES = YES;
				BUNDLE_LOADER = "$(TEST_HOST)";
				CODE_SIGN_STYLE = Automatic;
				DEVELOPMENT_TEAM = DX7ZBWT7W4;
				INFOPLIST_FILE = loginPageTests/Info.plist;
				IPHONEOS_DEPLOYMENT_TARGET = 14.0;
				LD_RUNPATH_SEARCH_PATHS = (
					"$(inherited)",
					"@executable_path/Frameworks",
					"@loader_path/Frameworks",
				);
				PRODUCT_BUNDLE_IDENTIFIER = com.jasonleung101.loginPageTests;
				PRODUCT_NAME = "$(TARGET_NAME)";
				SWIFT_VERSION = 5.0;
				TARGETED_DEVICE_FAMILY = "1,2";
				TEST_HOST = "$(BUILT_PRODUCTS_DIR)/loginPage.app/loginPage";
			};
			name = Release;
		};
		EC716D67251BC3E700C8982A /* Debug */ = {
			isa = XCBuildConfiguration;
			baseConfigurationReference = 9A667C080E25CF357383CCDD /* Pods-loginPage-loginPageUITests.debug.xcconfig */;
			buildSettings = {
				ALWAYS_EMBED_SWIFT_STANDARD_LIBRARIES = YES;
				CODE_SIGN_STYLE = Automatic;
				DEVELOPMENT_TEAM = DX7ZBWT7W4;
				INFOPLIST_FILE = loginPageUITests/Info.plist;
				LD_RUNPATH_SEARCH_PATHS = (
					"$(inherited)",
					"@executable_path/Frameworks",
					"@loader_path/Frameworks",
				);
				PRODUCT_BUNDLE_IDENTIFIER = com.jasonleung101.loginPageUITests;
				PRODUCT_NAME = "$(TARGET_NAME)";
				SWIFT_VERSION = 5.0;
				TARGETED_DEVICE_FAMILY = "1,2";
				TEST_TARGET_NAME = loginPage;
			};
			name = Debug;
		};
		EC716D68251BC3E700C8982A /* Release */ = {
			isa = XCBuildConfiguration;
			baseConfigurationReference = 6DC9F0B893299C1240A83CD0 /* Pods-loginPage-loginPageUITests.release.xcconfig */;
			buildSettings = {
				ALWAYS_EMBED_SWIFT_STANDARD_LIBRARIES = YES;
				CODE_SIGN_STYLE = Automatic;
				DEVELOPMENT_TEAM = DX7ZBWT7W4;
				INFOPLIST_FILE = loginPageUITests/Info.plist;
				LD_RUNPATH_SEARCH_PATHS = (
					"$(inherited)",
					"@executable_path/Frameworks",
					"@loader_path/Frameworks",
				);
				PRODUCT_BUNDLE_IDENTIFIER = com.jasonleung101.loginPageUITests;
				PRODUCT_NAME = "$(TARGET_NAME)";
				SWIFT_VERSION = 5.0;
				TARGETED_DEVICE_FAMILY = "1,2";
				TEST_TARGET_NAME = loginPage;
			};
			name = Release;
		};
/* End XCBuildConfiguration section */

/* Begin XCConfigurationList section */
		EC716D36251BC3E500C8982A /* Build configuration list for PBXProject "loginPage" */ = {
			isa = XCConfigurationList;
			buildConfigurations = (
				EC716D5E251BC3E700C8982A /* Debug */,
				EC716D5F251BC3E700C8982A /* Release */,
			);
			defaultConfigurationIsVisible = 0;
			defaultConfigurationName = Release;
		};
		EC716D60251BC3E700C8982A /* Build configuration list for PBXNativeTarget "loginPage" */ = {
			isa = XCConfigurationList;
			buildConfigurations = (
				EC716D61251BC3E700C8982A /* Debug */,
				EC716D62251BC3E700C8982A /* Release */,
			);
			defaultConfigurationIsVisible = 0;
			defaultConfigurationName = Release;
		};
		EC716D63251BC3E700C8982A /* Build configuration list for PBXNativeTarget "loginPageTests" */ = {
			isa = XCConfigurationList;
			buildConfigurations = (
				EC716D64251BC3E700C8982A /* Debug */,
				EC716D65251BC3E700C8982A /* Release */,
			);
			defaultConfigurationIsVisible = 0;
			defaultConfigurationName = Release;
		};
		EC716D66251BC3E700C8982A /* Build configuration list for PBXNativeTarget "loginPageUITests" */ = {
			isa = XCConfigurationList;
			buildConfigurations = (
				EC716D67251BC3E700C8982A /* Debug */,
				EC716D68251BC3E700C8982A /* Release */,
			);
			defaultConfigurationIsVisible = 0;
			defaultConfigurationName = Release;
		};
/* End XCConfigurationList section */
	};
	rootObject = EC716D33251BC3E500C8982A /* Project object */;
}
